
Microsoft Visual Studio Solution File, Format Version 12.00
# Visual Studio Version 17
VisualStudioVersion = 17.8.34330.188
MinimumVisualStudioVersion = 10.0.40219.1
Project("{9A19103F-16F7-4668-BE54-9A1E7A4F7556}") = "RandomNumberAvalonia", "RandomNumberAvalonia\RandomNumberAvalonia.csproj", "{DC84EB93-175F-41ED-83B0-49044ED423C4}"
EndProject
Project("{9A19103F-16F7-4668-BE54-9A1E7A4F7556}") = "RandomNumberAvalonia.Android", "RandomNumberAvalonia.Android\RandomNumberAvalonia.Android.csproj", "{5176CACA-8DBC-40EF-8137-F62182B2F9C8}"
EndProject
Project("{9A19103F-16F7-4668-BE54-9A1E7A4F7556}") = "RandomNumberAvalonia.Desktop", "RandomNumberAvalonia.Desktop\RandomNumberAvalonia.Desktop.csproj", "{66631006-7183-447C-ACFE-D3B1EE65638C}"
EndProject
Project("{2150E333-8FDC-42A3-9474-1A3956D46DE8}") = "解决方案项", "解决方案项", "{3A917EB2-F3E2-4501-91E8-84A1719A43D9}"
	ProjectSection(SolutionItems) = preProject
		Directory.Packages.props = Directory.Packages.props
	EndProjectSection
EndProject
Project("{9A19103F-16F7-4668-BE54-9A1E7A4F7556}") = "RandomNumberAvalonia.Core", "RandomNumberAvalonia.Core\RandomNumberAvalonia.Core.csproj", "{76BCEAB9-F860-49C5-B95C-7C3112E20432}"
EndProject
Project("{9A19103F-16F7-4668-BE54-9A1E7A4F7556}") = "RandomNumberAvalonia.Core.UnitTests", "RandomNumberAvalonia.Core.UnitTests\RandomNumberAvalonia.Core.UnitTests.csproj", "{E4EAE189-0D81-4E59-B99B-A4ED6FA28F66}"
EndProject
Global
	GlobalSection(SolutionConfigurationPlatforms) = preSolution
		Debug|Any CPU = Debug|Any CPU
		Debug|x64 = Debug|x64
		Release|Any CPU = Release|Any CPU
		Release|x64 = Release|x64
	EndGlobalSection
	GlobalSection(ProjectConfigurationPlatforms) = postSolution
		{DC84EB93-175F-41ED-83B0-49044ED423C4}.Debug|Any CPU.ActiveCfg = Debug|Any CPU
		{DC84EB93-175F-41ED-83B0-49044ED423C4}.Debug|Any CPU.Build.0 = Debug|Any CPU
		{DC84EB93-175F-41ED-83B0-49044ED423C4}.Debug|x64.ActiveCfg = Debug|x64
		{DC84EB93-175F-41ED-83B0-49044ED423C4}.Debug|x64.Build.0 = Debug|x64
		{DC84EB93-175F-41ED-83B0-49044ED423C4}.Release|Any CPU.ActiveCfg = Release|Any CPU
		{DC84EB93-175F-41ED-83B0-49044ED423C4}.Release|Any CPU.Build.0 = Release|Any CPU
		{DC84EB93-175F-41ED-83B0-49044ED423C4}.Release|x64.ActiveCfg = Release|x64
		{DC84EB93-175F-41ED-83B0-49044ED423C4}.Release|x64.Build.0 = Release|x64
		{5176CACA-8DBC-40EF-8137-F62182B2F9C8}.Debug|Any CPU.ActiveCfg = Debug|Any CPU
		{5176CACA-8DBC-40EF-8137-F62182B2F9C8}.Debug|Any CPU.Build.0 = Debug|Any CPU
		{5176CACA-8DBC-40EF-8137-F62182B2F9C8}.Debug|Any CPU.Deploy.0 = Debug|Any CPU
		{5176CACA-8DBC-40EF-8137-F62182B2F9C8}.Debug|x64.ActiveCfg = Debug|x64
		{5176CACA-8DBC-40EF-8137-F62182B2F9C8}.Debug|x64.Build.0 = Debug|x64
		{5176CACA-8DBC-40EF-8137-F62182B2F9C8}.Debug|x64.Deploy.0 = Debug|x64
		{5176CACA-8DBC-40EF-8137-F62182B2F9C8}.Release|Any CPU.ActiveCfg = Release|Any CPU
		{5176CACA-8DBC-40EF-8137-F62182B2F9C8}.Release|Any CPU.Build.0 = Release|Any CPU
		{5176CACA-8DBC-40EF-8137-F62182B2F9C8}.Release|Any CPU.Deploy.0 = Release|Any CPU
		{5176CACA-8DBC-40EF-8137-F62182B2F9C8}.Release|x64.ActiveCfg = Release|x64
		{5176CACA-8DBC-40EF-8137-F62182B2F9C8}.Release|x64.Build.0 = Release|x64
		{5176CACA-8DBC-40EF-8137-F62182B2F9C8}.Release|x64.Deploy.0 = Release|x64
		{66631006-7183-447C-ACFE-D3B1EE65638C}.Debug|Any CPU.ActiveCfg = Debug|Any CPU
		{66631006-7183-447C-ACFE-D3B1EE65638C}.Debug|Any CPU.Build.0 = Debug|Any CPU
		{66631006-7183-447C-ACFE-D3B1EE65638C}.Debug|x64.ActiveCfg = Debug|x64
		{66631006-7183-447C-ACFE-D3B1EE65638C}.Debug|x64.Build.0 = Debug|x64
		{66631006-7183-447C-ACFE-D3B1EE65638C}.Release|Any CPU.ActiveCfg = Release|Any CPU
		{66631006-7183-447C-ACFE-D3B1EE65638C}.Release|Any CPU.Build.0 = Release|Any CPU
		{66631006-7183-447C-ACFE-D3B1EE65638C}.Release|x64.ActiveCfg = Release|x64
		{66631006-7183-447C-ACFE-D3B1EE65638C}.Release|x64.Build.0 = Release|x64
		{76BCEAB9-F860-49C5-B95C-7C3112E20432}.Debug|Any CPU.ActiveCfg = Debug|Any CPU
		{76BCEAB9-F860-49C5-B95C-7C3112E20432}.Debug|Any CPU.Build.0 = Debug|Any CPU
		{76BCEAB9-F860-49C5-B95C-7C3112E20432}.Debug|x64.ActiveCfg = Debug|x64
		{76BCEAB9-F860-49C5-B95C-7C3112E20432}.Debug|x64.Build.0 = Debug|x64
		{76BCEAB9-F860-49C5-B95C-7C3112E20432}.Release|Any CPU.ActiveCfg = Release|Any CPU
		{76BCEAB9-F860-49C5-B95C-7C3112E20432}.Release|Any CPU.Build.0 = Release|Any CPU
		{76BCEAB9-F860-49C5-B95C-7C3112E20432}.Release|x64.ActiveCfg = Release|x64
		{76BCEAB9-F860-49C5-B95C-7C3112E20432}.Release|x64.Build.0 = Release|x64
		{E4EAE189-0D81-4E59-B99B-A4ED6FA28F66}.Debug|Any CPU.ActiveCfg = Debug|Any CPU
		{E4EAE189-0D81-4E59-B99B-A4ED6FA28F66}.Debug|Any CPU.Build.0 = Debug|Any CPU
		{E4EAE189-0D81-4E59-B99B-A4ED6FA28F66}.Debug|x64.ActiveCfg = Debug|x64
		{E4EAE189-0D81-4E59-B99B-A4ED6FA28F66}.Debug|x64.Build.0 = Debug|x64
		{E4EAE189-0D81-4E59-B99B-A4ED6FA28F66}.Release|Any CPU.ActiveCfg = Release|Any CPU
		{E4EAE189-0D81-4E59-B99B-A4ED6FA28F66}.Release|Any CPU.Build.0 = Release|Any CPU
		{E4EAE189-0D81-4E59-B99B-A4ED6FA28F66}.Release|x64.ActiveCfg = Release|x64
		{E4EAE189-0D81-4E59-B99B-A4ED6FA28F66}.Release|x64.Build.0 = Release|x64
	EndGlobalSection
	GlobalSection(SolutionProperties) = preSolution
		HideSolutionNode = FALSE
	EndGlobalSection
	GlobalSection(ExtensibilityGlobals) = postSolution
		SolutionGuid = {80CDE154-C162-4C3A-A32A-BE94B4469B4D}
	EndGlobalSection
EndGlobal
